// !$*UTF8*$!
{
	archiveVersion = 1;
	classes = {
	};
	objectVersion = 46;
	objects = {

/* Begin PBXBuildFile section */
		965DB4911B26F3540042B8B3 /* UncaughtExceptionHandler.m in Sources */ = {isa = PBXBuildFile; fileRef = 965DB4901B26F3540042B8B3 /* UncaughtExceptionHandler.m */; };
		965E21E61B25EF090079DED3 /* SCTouchControlViewController.swift in Sources */ = {isa = PBXBuildFile; fileRef = 965E21E51B25EF090079DED3 /* SCTouchControlViewController.swift */; };
		9690DEB71B19A56C0010F736 /* SCSearchViewController.swift in Sources */ = {isa = PBXBuildFile; fileRef = 9690DEB61B19A56C0010F736 /* SCSearchViewController.swift */; };
		9690DEB91B19AB830010F736 /* SCSearchingViewController.swift in Sources */ = {isa = PBXBuildFile; fileRef = 9690DEB81B19AB830010F736 /* SCSearchingViewController.swift */; };
		9690DEBB1B19B6060010F736 /* SCSplashViewController.swift in Sources */ = {isa = PBXBuildFile; fileRef = 9690DEBA1B19B6060010F736 /* SCSplashViewController.swift */; };
		9690DEBD1B19C4470010F736 /* SCCookViewController.swift in Sources */ = {isa = PBXBuildFile; fileRef = 9690DEBC1B19C4470010F736 /* SCCookViewController.swift */; };
		9690DEBF1B19CC030010F736 /* SCAutoMenuViewController.swift in Sources */ = {isa = PBXBuildFile; fileRef = 9690DEBE1B19CC030010F736 /* SCAutoMenuViewController.swift */; };
		9691CEDD1AFC3E3A00CEE3DC /* Images.xcassets in Resources */ = {isa = PBXBuildFile; fileRef = 9691CEDC1AFC3E3A00CEE3DC /* Images.xcassets */; };
		96ABEC431AD5931A00434D52 /* AppDelegate.swift in Sources */ = {isa = PBXBuildFile; fileRef = 96ABEC421AD5931900434D52 /* AppDelegate.swift */; };
		96ABEC451AD5931A00434D52 /* ViewController.swift in Sources */ = {isa = PBXBuildFile; fileRef = 96ABEC441AD5931A00434D52 /* ViewController.swift */; };
		96ABEC481AD5931A00434D52 /* Main.storyboard in Resources */ = {isa = PBXBuildFile; fileRef = 96ABEC461AD5931A00434D52 /* Main.storyboard */; };
		96ABEC591AD5931A00434D52 /* Smart_CookTests.swift in Sources */ = {isa = PBXBuildFile; fileRef = 96ABEC581AD5931A00434D52 /* Smart_CookTests.swift */; };
/* End PBXBuildFile section */

/* Begin PBXContainerItemProxy section */
		96ABEC531AD5931A00434D52 /* PBXContainerItemProxy */ = {
			isa = PBXContainerItemProxy;
			containerPortal = 96ABEC351AD5931900434D52 /* Project object */;
			proxyType = 1;
			remoteGlobalIDString = 96ABEC3C1AD5931900434D52;
			remoteInfo = "Smart Cook";
		};
/* End PBXContainerItemProxy section */

/* Begin PBXFileReference section */
		965DB48E1B26F3470042B8B3 /* UncaughtExceptionHandler.h */ = {isa = PBXFileReference; fileEncoding = 4; lastKnownFileType = sourcecode.c.h; path = UncaughtExceptionHandler.h; sourceTree = "<group>"; };
		965DB48F1B26F3530042B8B3 /* Smart Cook-Bridging-Header.h */ = {isa = PBXFileReference; lastKnownFileType = sourcecode.c.h; path = "Smart Cook-Bridging-Header.h"; sourceTree = "<group>"; };
		965DB4901B26F3540042B8B3 /* UncaughtExceptionHandler.m */ = {isa = PBXFileReference; fileEncoding = 4; lastKnownFileType = sourcecode.c.objc; path = UncaughtExceptionHandler.m; sourceTree = "<group>"; };
		965E21E51B25EF090079DED3 /* SCTouchControlViewController.swift */ = {isa = PBXFileReference; fileEncoding = 4; lastKnownFileType = sourcecode.swift; path = SCTouchControlViewController.swift; sourceTree = "<group>"; };
		9690DEB61B19A56C0010F736 /* SCSearchViewController.swift */ = {isa = PBXFileReference; fileEncoding = 4; lastKnownFileType = sourcecode.swift; path = SCSearchViewController.swift; sourceTree = "<group>"; };
		9690DEB81B19AB830010F736 /* SCSearchingViewController.swift */ = {isa = PBXFileReference; fileEncoding = 4; lastKnownFileType = sourcecode.swift; path = SCSearchingViewController.swift; sourceTree = "<group>"; };
		9690DEBA1B19B6060010F736 /* SCSplashViewController.swift */ = {isa = PBXFileReference; fileEncoding = 4; lastKnownFileType = sourcecode.swift; path = SCSplashViewController.swift; sourceTree = "<group>"; };
		9690DEBC1B19C4470010F736 /* SCCookViewController.swift */ = {isa = PBXFileReference; fileEncoding = 4; lastKnownFileType = sourcecode.swift; path = SCCookViewController.swift; sourceTree = "<group>"; };
		9690DEBE1B19CC030010F736 /* SCAutoMenuViewController.swift */ = {isa = PBXFileReference; fileEncoding = 4; lastKnownFileType = sourcecode.swift; path = SCAutoMenuViewController.swift; sourceTree = "<group>"; };
		9691CEDC1AFC3E3A00CEE3DC /* Images.xcassets */ = {isa = PBXFileReference; lastKnownFileType = folder.assetcatalog; path = Images.xcassets; sourceTree = "<group>"; };
		96ABEC3D1AD5931900434D52 /* Smart Cook.app */ = {isa = PBXFileReference; explicitFileType = wrapper.application; includeInIndex = 0; path = "Smart Cook.app"; sourceTree = BUILT_PRODUCTS_DIR; };
		96ABEC411AD5931900434D52 /* Info.plist */ = {isa = PBXFileReference; lastKnownFileType = text.plist.xml; path = Info.plist; sourceTree = "<group>"; };
		96ABEC421AD5931900434D52 /* AppDelegate.swift */ = {isa = PBXFileReference; lastKnownFileType = sourcecode.swift; path = AppDelegate.swift; sourceTree = "<group>"; };
		96ABEC441AD5931A00434D52 /* ViewController.swift */ = {isa = PBXFileReference; lastKnownFileType = sourcecode.swift; path = ViewController.swift; sourceTree = "<group>"; };
		96ABEC471AD5931A00434D52 /* Base */ = {isa = PBXFileReference; lastKnownFileType = file.storyboard; name = Base; path = Base.lproj/Main.storyboard; sourceTree = "<group>"; };
		96ABEC521AD5931A00434D52 /* Smart CookTests.xctest */ = {isa = PBXFileReference; explicitFileType = wrapper.cfbundle; includeInIndex = 0; path = "Smart CookTests.xctest"; sourceTree = BUILT_PRODUCTS_DIR; };
		96ABEC571AD5931A00434D52 /* Info.plist */ = {isa = PBXFileReference; lastKnownFileType = text.plist.xml; path = Info.plist; sourceTree = "<group>"; };
		96ABEC581AD5931A00434D52 /* Smart_CookTests.swift */ = {isa = PBXFileReference; lastKnownFileType = sourcecode.swift; path = Smart_CookTests.swift; sourceTree = "<group>"; };
/* End PBXFileReference section */

/* Begin PBXFrameworksBuildPhase section */
		96ABEC3A1AD5931900434D52 /* Frameworks */ = {
			isa = PBXFrameworksBuildPhase;
			buildActionMask = 2147483647;
			files = (
			);
			runOnlyForDeploymentPostprocessing = 0;
		};
		96ABEC4F1AD5931A00434D52 /* Frameworks */ = {
			isa = PBXFrameworksBuildPhase;
			buildActionMask = 2147483647;
			files = (
			);
			runOnlyForDeploymentPostprocessing = 0;
		};
/* End PBXFrameworksBuildPhase section */

/* Begin PBXGroup section */
		96ABEC341AD5931900434D52 = {
			isa = PBXGroup;
			children = (
				96ABEC3F1AD5931900434D52 /* Smart Cook */,
				96ABEC551AD5931A00434D52 /* Smart CookTests */,
				96ABEC3E1AD5931900434D52 /* Products */,
			);
			sourceTree = "<group>";
		};
		96ABEC3E1AD5931900434D52 /* Products */ = {
			isa = PBXGroup;
			children = (
				96ABEC3D1AD5931900434D52 /* Smart Cook.app */,
				96ABEC521AD5931A00434D52 /* Smart CookTests.xctest */,
			);
			name = Products;
			sourceTree = "<group>";
		};
		96ABEC3F1AD5931900434D52 /* Smart Cook */ = {
			isa = PBXGroup;
			children = (
				96ABEC401AD5931900434D52 /* Supporting Files */,
				9691CEDC1AFC3E3A00CEE3DC /* Images.xcassets */,
				965DB48E1B26F3470042B8B3 /* UncaughtExceptionHandler.h */,
				965DB4901B26F3540042B8B3 /* UncaughtExceptionHandler.m */,
				96ABEC421AD5931900434D52 /* AppDelegate.swift */,
				96ABEC441AD5931A00434D52 /* ViewController.swift */,
				96ABEC461AD5931A00434D52 /* Main.storyboard */,
				9690DEB81B19AB830010F736 /* SCSearchingViewController.swift */,
				9690DEB61B19A56C0010F736 /* SCSearchViewController.swift */,
				9690DEBA1B19B6060010F736 /* SCSplashViewController.swift */,
				9690DEBC1B19C4470010F736 /* SCCookViewController.swift */,
				9690DEBE1B19CC030010F736 /* SCAutoMenuViewController.swift */,
				965E21E51B25EF090079DED3 /* SCTouchControlViewController.swift */,
				965DB48F1B26F3530042B8B3 /* Smart Cook-Bridging-Header.h */,
			);
			path = "Smart Cook";
			sourceTree = "<group>";
		};
		96ABEC401AD5931900434D52 /* Supporting Files */ = {
			isa = PBXGroup;
			children = (
				96ABEC411AD5931900434D52 /* Info.plist */,
			);
			name = "Supporting Files";
			sourceTree = "<group>";
		};
		96ABEC551AD5931A00434D52 /* Smart CookTests */ = {
			isa = PBXGroup;
			children = (
				96ABEC581AD5931A00434D52 /* Smart_CookTests.swift */,
				96ABEC561AD5931A00434D52 /* Supporting Files */,
			);
			path = "Smart CookTests";
			sourceTree = "<group>";
		};
		96ABEC561AD5931A00434D52 /* Supporting Files */ = {
			isa = PBXGroup;
			children = (
				96ABEC571AD5931A00434D52 /* Info.plist */,
			);
			name = "Supporting Files";
			sourceTree = "<group>";
		};
/* End PBXGroup section */

/* Begin PBXNativeTarget section */
		96ABEC3C1AD5931900434D52 /* Smart Cook */ = {
			isa = PBXNativeTarget;
			buildConfigurationList = 96ABEC5C1AD5931A00434D52 /* Build configuration list for PBXNativeTarget "Smart Cook" */;
			buildPhases = (
				96ABEC391AD5931900434D52 /* Sources */,
				96ABEC3A1AD5931900434D52 /* Frameworks */,
				96ABEC3B1AD5931900434D52 /* Resources */,
			);
			buildRules = (
			);
			dependencies = (
			);
			name = "Smart Cook";
			productName = "Smart Cook";
			productReference = 96ABEC3D1AD5931900434D52 /* Smart Cook.app */;
			productType = "com.apple.product-type.application";
		};
		96ABEC511AD5931A00434D52 /* Smart CookTests */ = {
			isa = PBXNativeTarget;
			buildConfigurationList = 96ABEC5F1AD5931A00434D52 /* Build configuration list for PBXNativeTarget "Smart CookTests" */;
			buildPhases = (
				96ABEC4E1AD5931A00434D52 /* Sources */,
				96ABEC4F1AD5931A00434D52 /* Frameworks */,
				96ABEC501AD5931A00434D52 /* Resources */,
			);
			buildRules = (
			);
			dependencies = (
				96ABEC541AD5931A00434D52 /* PBXTargetDependency */,
			);
			name = "Smart CookTests";
			productName = "Smart CookTests";
			productReference = 96ABEC521AD5931A00434D52 /* Smart CookTests.xctest */;
			productType = "com.apple.product-type.bundle.unit-test";
		};
/* End PBXNativeTarget section */

/* Begin PBXProject section */
		96ABEC351AD5931900434D52 /* Project object */ = {
			isa = PBXProject;
			attributes = {
				LastUpgradeCheck = 0620;
				ORGANIZATIONNAME = "ashleywu-minglo";
				TargetAttributes = {
					96ABEC3C1AD5931900434D52 = {
						CreatedOnToolsVersion = 6.2;
						DevelopmentTeam = 7R5SZFPNSE;
					};
					96ABEC511AD5931A00434D52 = {
						CreatedOnToolsVersion = 6.2;
						TestTargetID = 96ABEC3C1AD5931900434D52;
					};
				};
			};
			buildConfigurationList = 96ABEC381AD5931900434D52 /* Build configuration list for PBXProject "Smart Cook" */;
			compatibilityVersion = "Xcode 3.2";
			developmentRegion = English;
			hasScannedForEncodings = 0;
			knownRegions = (
				en,
				Base,
			);
			mainGroup = 96ABEC341AD5931900434D52;
			productRefGroup = 96ABEC3E1AD5931900434D52 /* Products */;
			projectDirPath = "";
			projectRoot = "";
			targets = (
				96ABEC3C1AD5931900434D52 /* Smart Cook */,
				96ABEC511AD5931A00434D52 /* Smart CookTests */,
			);
		};
/* End PBXProject section */

/* Begin PBXResourcesBuildPhase section */
		96ABEC3B1AD5931900434D52 /* Resources */ = {
			isa = PBXResourcesBuildPhase;
			buildActionMask = 2147483647;
			files = (
				9691CEDD1AFC3E3A00CEE3DC /* Images.xcassets in Resources */,
				96ABEC481AD5931A00434D52 /* Main.storyboard in Resources */,
			);
			runOnlyForDeploymentPostprocessing = 0;
		};
		96ABEC501AD5931A00434D52 /* Resources */ = {
			isa = PBXResourcesBuildPhase;
			buildActionMask = 2147483647;
			files = (
			);
			runOnlyForDeploymentPostprocessing = 0;
		};
/* End PBXResourcesBuildPhase section */

/* Begin PBXSourcesBuildPhase section */
		96ABEC391AD5931900434D52 /* Sources */ = {
			isa = PBXSourcesBuildPhase;
			buildActionMask = 2147483647;
			files = (
				9690DEBF1B19CC030010F736 /* SCAutoMenuViewController.swift in Sources */,
				96ABEC451AD5931A00434D52 /* ViewController.swift in Sources */,
				965DB4911B26F3540042B8B3 /* UncaughtExceptionHandler.m in Sources */,
				9690DEB71B19A56C0010F736 /* SCSearchViewController.swift in Sources */,
				9690DEBB1B19B6060010F736 /* SCSplashViewController.swift in Sources */,
				96ABEC431AD5931A00434D52 /* AppDelegate.swift in Sources */,
				9690DEBD1B19C4470010F736 /* SCCookViewController.swift in Sources */,
				965E21E61B25EF090079DED3 /* SCTouchControlViewController.swift in Sources */,
				9690DEB91B19AB830010F736 /* SCSearchingViewController.swift in Sources */,
			);
			runOnlyForDeploymentPostprocessing = 0;
		};
		96ABEC4E1AD5931A00434D52 /* Sources */ = {
			isa = PBXSourcesBuildPhase;
			buildActionMask = 2147483647;
			files = (
				96ABEC591AD5931A00434D52 /* Smart_CookTests.swift in Sources */,
			);
			runOnlyForDeploymentPostprocessing = 0;
		};
/* End PBXSourcesBuildPhase section */

/* Begin PBXTargetDependency section */
		96ABEC541AD5931A00434D52 /* PBXTargetDependency */ = {
			isa = PBXTargetDependency;
			target = 96ABEC3C1AD5931900434D52 /* Smart Cook */;
			targetProxy = 96ABEC531AD5931A00434D52 /* PBXContainerItemProxy */;
		};
/* End PBXTargetDependency section */

/* Begin PBXVariantGroup section */
		96ABEC461AD5931A00434D52 /* Main.storyboard */ = {
			isa = PBXVariantGroup;
			children = (
				96ABEC471AD5931A00434D52 /* Base */,
			);
			name = Main.storyboard;
			sourceTree = "<group>";
		};
/* End PBXVariantGroup section */

/* Begin XCBuildConfiguration section */
		96ABEC5A1AD5931A00434D52 /* Debug */ = {
			isa = XCBuildConfiguration;
			buildSettings = {
				ALWAYS_SEARCH_USER_PATHS = NO;
				CLANG_CXX_LANGUAGE_STANDARD = "gnu++0x";
				CLANG_CXX_LIBRARY = "libc++";
				CLANG_ENABLE_MODULES = YES;
				CLANG_ENABLE_OBJC_ARC = YES;
				CLANG_WARN_BOOL_CONVERSION = YES;
				CLANG_WARN_CONSTANT_CONVERSION = YES;
				CLANG_WARN_DIRECT_OBJC_ISA_USAGE = YES_ERROR;
				CLANG_WARN_EMPTY_BODY = YES;
				CLANG_WARN_ENUM_CONVERSION = YES;
				CLANG_WARN_INT_CONVERSION = YES;
				CLANG_WARN_OBJC_ROOT_CLASS = YES_ERROR;
				CLANG_WARN_UNREACHABLE_CODE = YES;
				CLANG_WARN__DUPLICATE_METHOD_MATCH = YES;
				CODE_SIGN_IDENTITY = "iPhone Developer";
				"CODE_SIGN_IDENTITY[sdk=iphoneos*]" = "iPhone Developer";
				COPY_PHASE_STRIP = NO;
				ENABLE_STRICT_OBJC_MSGSEND = YES;
				GCC_C_LANGUAGE_STANDARD = gnu99;
				GCC_DYNAMIC_NO_PIC = NO;
				GCC_OPTIMIZATION_LEVEL = 0;
				GCC_PREPROCESSOR_DEFINITIONS = (
					"DEBUG=1",
					"$(inherited)",
				);
				GCC_SYMBOLS_PRIVATE_EXTERN = NO;
				GCC_WARN_64_TO_32_BIT_CONVERSION = YES;
				GCC_WARN_ABOUT_RETURN_TYPE = YES_ERROR;
				GCC_WARN_UNDECLARED_SELECTOR = YES;
				GCC_WARN_UNINITIALIZED_AUTOS = YES_AGGRESSIVE;
				GCC_WARN_UNUSED_FUNCTION = YES;
				GCC_WARN_UNUSED_VARIABLE = YES;
				IPHONEOS_DEPLOYMENT_TARGET = 8.2;
				MTL_ENABLE_DEBUG_INFO = YES;
				ONLY_ACTIVE_ARCH = YES;
				SDKROOT = iphoneos;
				SWIFT_OPTIMIZATION_LEVEL = "-Onone";
			};
			name = Debug;
		};
		96ABEC5B1AD5931A00434D52 /* Release */ = {
			isa = XCBuildConfiguration;
			buildSettings = {
				ALWAYS_SEARCH_USER_PATHS = NO;
				CLANG_CXX_LANGUAGE_STANDARD = "gnu++0x";
				CLANG_CXX_LIBRARY = "libc++";
				CLANG_ENABLE_MODULES = YES;
				CLANG_ENABLE_OBJC_ARC = YES;
				CLANG_WARN_BOOL_CONVERSION = YES;
				CLANG_WARN_CONSTANT_CONVERSION = YES;
				CLANG_WARN_DIRECT_OBJC_ISA_USAGE = YES_ERROR;
				CLANG_WARN_EMPTY_BODY = YES;
				CLANG_WARN_ENUM_CONVERSION = YES;
				CLANG_WARN_INT_CONVERSION = YES;
				CLANG_WARN_OBJC_ROOT_CLASS = YES_ERROR;
				CLANG_WARN_UNREACHABLE_CODE = YES;
				CLANG_WARN__DUPLICATE_METHOD_MATCH = YES;
				CODE_SIGN_IDENTITY = "iPhone Developer";
				"CODE_SIGN_IDENTITY[sdk=iphoneos*]" = "iPhone Developer";
				COPY_PHASE_STRIP = NO;
				ENABLE_NS_ASSERTIONS = NO;
				ENABLE_STRICT_OBJC_MSGSEND = YES;
				GCC_C_LANGUAGE_STANDARD = gnu99;
				GCC_WARN_64_TO_32_BIT_CONVERSION = YES;
				GCC_WARN_ABOUT_RETURN_TYPE = YES_ERROR;
				GCC_WARN_UNDECLARED_SELECTOR = YES;
				GCC_WARN_UNINITIALIZED_AUTOS = YES_AGGRESSIVE;
				GCC_WARN_UNUSED_FUNCTION = YES;
				GCC_WARN_UNUSED_VARIABLE = YES;
				IPHONEOS_DEPLOYMENT_TARGET = 8.2;
				MTL_ENABLE_DEBUG_INFO = NO;
				SDKROOT = iphoneos;
				VALIDATE_PRODUCT = YES;
			};
			name = Release;
		};
		96ABEC5D1AD5931A00434D52 /* Debug */ = {
			isa = XCBuildConfiguration;
			buildSettings = {
				ASSETCATALOG_COMPILER_APPICON_NAME = AppIcon;
				ASSETCATALOG_COMPILER_LAUNCHIMAGE_NAME = LaunchImage;
				CLANG_ENABLE_MODULES = YES;
				CODE_SIGN_IDENTITY = "iPhone Developer";
				"CODE_SIGN_IDENTITY[sdk=iphoneos*]" = "iPhone Developer";
				EMBEDDED_CONTENT_CONTAINS_SWIFT = YES;
				INFOPLIST_FILE = "Smart Cook/Info.plist";
				LD_RUNPATH_SEARCH_PATHS = "$(inherited) @executable_path/Frameworks";
				PRODUCT_NAME = "$(TARGET_NAME)";
				PROVISIONING_PROFILE = "";
				SWIFT_OBJC_BRIDGING_HEADER = "Smart Cook/Smart Cook-Bridging-Header.h";
				SWIFT_OPTIMIZATION_LEVEL = "-Onone";
			};
			name = Debug;
		};
		96ABEC5E1AD5931A00434D52 /* Release */ = {
			isa = XCBuildConfiguration;
			buildSettings = {
				ASSETCATALOG_COMPILER_APPICON_NAME = AppIcon;
				ASSETCATALOG_COMPILER_LAUNCHIMAGE_NAME = LaunchImage;
				CLANG_ENABLE_MODULES = YES;
				CODE_SIGN_IDENTITY = "iPhone Developer";
				"CODE_SIGN_IDENTITY[sdk=iphoneos*]" = "iPhone Developer";
				EMBEDDED_CONTENT_CONTAINS_SWIFT = YES;
				INFOPLIST_FILE = "Smart Cook/Info.plist";
				LD_RUNPATH_SEARCH_PATHS = "$(inherited) @executable_path/Frameworks";
				PRODUCT_NAME = "$(TARGET_NAME)";
				PROVISIONING_PROFILE = "";
				SWIFT_OBJC_BRIDGING_HEADER = "Smart Cook/Smart Cook-Bridging-Header.h";
			};
			name = Release;
		};
		96ABEC601AD5931A00434D52 /* Debug */ = {
			isa = XCBuildConfiguration;
			buildSettings = {
				BUNDLE_LOADER = "$(TEST_HOST)";
				FRAMEWORK_SEARCH_PATHS = (
					"$(SDKROOT)/Developer/Library/Frameworks",
					"$(inherited)",
				);
				GCC_PREPROCESSOR_DEFINITIONS = (
					"DEBUG=1",
					"$(inherited)",
				);
				INFOPLIST_FILE = "Smart CookTests/Info.plist";
				LD_RUNPATH_SEARCH_PATHS = "$(inherited) @executable_path/Frameworks @loader_path/Frameworks";
				PRODUCT_NAME = "$(TARGET_NAME)";
				TEST_HOST = "$(BUILT_PRODUCTS_DIR)/Smart Cook.app/Smart Cook";
			};
			name = Debug;
		};
		96ABEC611AD5931A00434D52 /* Release */ = {
			isa = XCBuildConfiguration;
			buildSettings = {
				BUNDLE_LOADER = "$(TEST_HOST)";
				FRAMEWORK_SEARCH_PATHS = (
					"$(SDKROOT)/Developer/Library/Frameworks",
					"$(inherited)",
				);
				INFOPLIST_FILE = "Smart CookTests/Info.plist";
				LD_RUNPATH_SEARCH_PATHS = "$(inherited) @executable_path/Frameworks @loader_path/Frameworks";
				PRODUCT_NAME = "$(TARGET_NAME)";
				TEST_HOST = "$(BUILT_PRODUCTS_DIR)/Smart Cook.app/Smart Cook";
			};
			name = Release;
		};
/* End XCBuildConfiguration section */

/* Begin XCConfigurationList section */
		96ABEC381AD5931900434D52 /* Build configuration list for PBXProject "Smart Cook" */ = {
			isa = XCConfigurationList;
			buildConfigurations = (
				96ABEC5A1AD5931A00434D52 /* Debug */,
				96ABEC5B1AD5931A00434D52 /* Release */,
			);
			defaultConfigurationIsVisible = 0;
			defaultConfigurationName = Release;
		};
		96ABEC5C1AD5931A00434D52 /* Build configuration list for PBXNativeTarget "Smart Cook" */ = {
			isa = XCConfigurationList;
			buildConfigurations = (
				96ABEC5D1AD5931A00434D52 /* Debug */,
				96ABEC5E1AD5931A00434D52 /* Release */,
			);
			defaultConfigurationIsVisible = 0;
			defaultConfigurationName = Release;
		};
		96ABEC5F1AD5931A00434D52 /* Build configuration list for PBXNativeTarget "Smart CookTests" */ = {
			isa = XCConfigurationList;
			buildConfigurations = (
				96ABEC601AD5931A00434D52 /* Debug */,
				96ABEC611AD5931A00434D52 /* Release */,
			);
			defaultConfigurationIsVisible = 0;
			defaultConfigurationName = Release;
		};
/* End XCConfigurationList section */
	};
	rootObject = 96ABEC351AD5931900434D52 /* Project object */;
}
